// !$*UTF8*$!
{
	archiveVersion = 1;
	classes = {
	};
	objectVersion = 46;
	objects = {

/* Begin PBXBuildFile section */
		2A24245E1C7E1F7B001157FA /* main.m in Sources */ = {isa = PBXBuildFile; fileRef = 2A24245D1C7E1F7B001157FA /* main.m */; };
		2A2424611C7E1F7B001157FA /* AppDelegate.m in Sources */ = {isa = PBXBuildFile; fileRef = 2A2424601C7E1F7B001157FA /* AppDelegate.m */; };
		2A2424641C7E1F7B001157FA /* ViewController.m in Sources */ = {isa = PBXBuildFile; fileRef = 2A2424631C7E1F7B001157FA /* ViewController.m */; };
		2A2424671C7E1F7B001157FA /* Main.storyboard in Resources */ = {isa = PBXBuildFile; fileRef = 2A2424651C7E1F7B001157FA /* Main.storyboard */; };
		2A24246A1C7E1F7B001157FA /* KraudeSorce.xcdatamodeld in Sources */ = {isa = PBXBuildFile; fileRef = 2A2424681C7E1F7B001157FA /* KraudeSorce.xcdatamodeld */; };
		2A24246C1C7E1F7C001157FA /* Assets.xcassets in Resources */ = {isa = PBXBuildFile; fileRef = 2A24246B1C7E1F7C001157FA /* Assets.xcassets */; };
		2A24246F1C7E1F7C001157FA /* LaunchScreen.storyboard in Resources */ = {isa = PBXBuildFile; fileRef = 2A24246D1C7E1F7C001157FA /* LaunchScreen.storyboard */; };
		2A24247A1C7E1F7C001157FA /* KraudeSorceTests.m in Sources */ = {isa = PBXBuildFile; fileRef = 2A2424791C7E1F7C001157FA /* KraudeSorceTests.m */; };
		2A2424851C7E1F7C001157FA /* KraudeSorceUITests.m in Sources */ = {isa = PBXBuildFile; fileRef = 2A2424841C7E1F7C001157FA /* KraudeSorceUITests.m */; };
		2A2424931C7E1FB0001157FA /* CoreLocation.framework in Frameworks */ = {isa = PBXBuildFile; fileRef = 2A2424921C7E1FB0001157FA /* CoreLocation.framework */; };
		2A2D3CFE1C8F641300B79E35 /* UnderlineTextField.m in Sources */ = {isa = PBXBuildFile; fileRef = 2A2D3CFD1C8F641300B79E35 /* UnderlineTextField.m */; };
		2A8EAF171C7FD7D30023DBE6 /* holmes.gpx in Resources */ = {isa = PBXBuildFile; fileRef = 2A8EAF161C7FD7D30023DBE6 /* holmes.gpx */; };
		2A9025FE1CC537C9002FB219 /* holmes.jpg in Resources */ = {isa = PBXBuildFile; fileRef = 2A9025FD1CC537C9002FB219 /* holmes.jpg */; };
		2AC432BB1C87504E00B5DA16 /* LoginViewController.m in Sources */ = {isa = PBXBuildFile; fileRef = 2AC432BA1C87504E00B5DA16 /* LoginViewController.m */; };
		2AC432BE1C8754FE00B5DA16 /* RegisterViewController.m in Sources */ = {isa = PBXBuildFile; fileRef = 2AC432BD1C8754FE00B5DA16 /* RegisterViewController.m */; };
		CBA3F23CEC5A6B1F1794C136 /* libPods.a in Frameworks */ = {isa = PBXBuildFile; fileRef = 3F4D24437A7F6EA9BC649F53 /* libPods.a */; };
		D34F4F5F15AC857AFCAB701F /* libPods-KraudeSorce.a in Frameworks */ = {isa = PBXBuildFile; fileRef = DCABDF4812E120FEBE5558B6 /* libPods-KraudeSorce.a */; };
/* End PBXBuildFile section */

/* Begin PBXContainerItemProxy section */
		2A2424761C7E1F7C001157FA /* PBXContainerItemProxy */ = {
			isa = PBXContainerItemProxy;
			containerPortal = 2A2424511C7E1F7B001157FA /* Project object */;
			proxyType = 1;
			remoteGlobalIDString = 2A2424581C7E1F7B001157FA;
			remoteInfo = KraudeSorce;
		};
		2A2424811C7E1F7C001157FA /* PBXContainerItemProxy */ = {
			isa = PBXContainerItemProxy;
			containerPortal = 2A2424511C7E1F7B001157FA /* Project object */;
			proxyType = 1;
			remoteGlobalIDString = 2A2424581C7E1F7B001157FA;
			remoteInfo = KraudeSorce;
		};
/* End PBXContainerItemProxy section */

/* Begin PBXFileReference section */
		2A2424591C7E1F7B001157FA /* KraudeSorce.app */ = {isa = PBXFileReference; explicitFileType = wrapper.application; includeInIndex = 0; path = KraudeSorce.app; sourceTree = BUILT_PRODUCTS_DIR; };
		2A24245D1C7E1F7B001157FA /* main.m */ = {isa = PBXFileReference; lastKnownFileType = sourcecode.c.objc; path = main.m; sourceTree = "<group>"; };
		2A24245F1C7E1F7B001157FA /* AppDelegate.h */ = {isa = PBXFileReference; lastKnownFileType = sourcecode.c.h; path = AppDelegate.h; sourceTree = "<group>"; };
		2A2424601C7E1F7B001157FA /* AppDelegate.m */ = {isa = PBXFileReference; lastKnownFileType = sourcecode.c.objc; path = AppDelegate.m; sourceTree = "<group>"; };
		2A2424621C7E1F7B001157FA /* ViewController.h */ = {isa = PBXFileReference; lastKnownFileType = sourcecode.c.h; path = ViewController.h; sourceTree = "<group>"; };
		2A2424631C7E1F7B001157FA /* ViewController.m */ = {isa = PBXFileReference; lastKnownFileType = sourcecode.c.objc; path = ViewController.m; sourceTree = "<group>"; };
		2A2424661C7E1F7B001157FA /* Base */ = {isa = PBXFileReference; lastKnownFileType = file.storyboard; name = Base; path = Base.lproj/Main.storyboard; sourceTree = "<group>"; };
		2A2424691C7E1F7B001157FA /* KraudeSorce.xcdatamodel */ = {isa = PBXFileReference; lastKnownFileType = wrapper.xcdatamodel; path = KraudeSorce.xcdatamodel; sourceTree = "<group>"; };
		2A24246B1C7E1F7C001157FA /* Assets.xcassets */ = {isa = PBXFileReference; lastKnownFileType = folder.assetcatalog; path = Assets.xcassets; sourceTree = "<group>"; };
		2A24246E1C7E1F7C001157FA /* Base */ = {isa = PBXFileReference; lastKnownFileType = file.storyboard; name = Base; path = Base.lproj/LaunchScreen.storyboard; sourceTree = "<group>"; };
		2A2424701C7E1F7C001157FA /* Info.plist */ = {isa = PBXFileReference; lastKnownFileType = text.plist.xml; path = Info.plist; sourceTree = "<group>"; };
		2A2424751C7E1F7C001157FA /* KraudeSorceTests.xctest */ = {isa = PBXFileReference; explicitFileType = wrapper.cfbundle; includeInIndex = 0; path = KraudeSorceTests.xctest; sourceTree = BUILT_PRODUCTS_DIR; };
		2A2424791C7E1F7C001157FA /* KraudeSorceTests.m */ = {isa = PBXFileReference; lastKnownFileType = sourcecode.c.objc; path = KraudeSorceTests.m; sourceTree = "<group>"; };
		2A24247B1C7E1F7C001157FA /* Info.plist */ = {isa = PBXFileReference; lastKnownFileType = text.plist.xml; path = Info.plist; sourceTree = "<group>"; };
		2A2424801C7E1F7C001157FA /* KraudeSorceUITests.xctest */ = {isa = PBXFileReference; explicitFileType = wrapper.cfbundle; includeInIndex = 0; path = KraudeSorceUITests.xctest; sourceTree = BUILT_PRODUCTS_DIR; };
		2A2424841C7E1F7C001157FA /* KraudeSorceUITests.m */ = {isa = PBXFileReference; lastKnownFileType = sourcecode.c.objc; path = KraudeSorceUITests.m; sourceTree = "<group>"; };
		2A2424861C7E1F7C001157FA /* Info.plist */ = {isa = PBXFileReference; lastKnownFileType = text.plist.xml; path = Info.plist; sourceTree = "<group>"; };
		2A2424921C7E1FB0001157FA /* CoreLocation.framework */ = {isa = PBXFileReference; lastKnownFileType = wrapper.framework; name = CoreLocation.framework; path = System/Library/Frameworks/CoreLocation.framework; sourceTree = SDKROOT; };
		2A2D3CFC1C8F641300B79E35 /* UnderlineTextField.h */ = {isa = PBXFileReference; fileEncoding = 4; lastKnownFileType = sourcecode.c.h; path = UnderlineTextField.h; sourceTree = "<group>"; };
		2A2D3CFD1C8F641300B79E35 /* UnderlineTextField.m */ = {isa = PBXFileReference; fileEncoding = 4; lastKnownFileType = sourcecode.c.objc; path = UnderlineTextField.m; sourceTree = "<group>"; };
		2A8EAF161C7FD7D30023DBE6 /* holmes.gpx */ = {isa = PBXFileReference; fileEncoding = 4; lastKnownFileType = text.xml; path = holmes.gpx; sourceTree = "<group>"; };
		2A9025FD1CC537C9002FB219 /* holmes.jpg */ = {isa = PBXFileReference; lastKnownFileType = image.jpeg; path = holmes.jpg; sourceTree = "<group>"; };
		2AC432B91C87504E00B5DA16 /* LoginViewController.h */ = {isa = PBXFileReference; fileEncoding = 4; lastKnownFileType = sourcecode.c.h; path = LoginViewController.h; sourceTree = "<group>"; };
		2AC432BA1C87504E00B5DA16 /* LoginViewController.m */ = {isa = PBXFileReference; fileEncoding = 4; lastKnownFileType = sourcecode.c.objc; path = LoginViewController.m; sourceTree = "<group>"; };
		2AC432BC1C8754FE00B5DA16 /* RegisterViewController.h */ = {isa = PBXFileReference; fileEncoding = 4; lastKnownFileType = sourcecode.c.h; path = RegisterViewController.h; sourceTree = "<group>"; };
		2AC432BD1C8754FE00B5DA16 /* RegisterViewController.m */ = {isa = PBXFileReference; fileEncoding = 4; lastKnownFileType = sourcecode.c.objc; path = RegisterViewController.m; sourceTree = "<group>"; };
		3F4D24437A7F6EA9BC649F53 /* libPods.a */ = {isa = PBXFileReference; explicitFileType = archive.ar; includeInIndex = 0; path = libPods.a; sourceTree = BUILT_PRODUCTS_DIR; };
		84321CD222AC4074CC13804A /* Pods-KraudeSorce.release.xcconfig */ = {isa = PBXFileReference; includeInIndex = 1; lastKnownFileType = text.xcconfig; name = "Pods-KraudeSorce.release.xcconfig"; path = "Pods/Target Support Files/Pods-KraudeSorce/Pods-KraudeSorce.release.xcconfig"; sourceTree = "<group>"; };
		D7626600ED7A4F3F30D1D1C0 /* Pods-KraudeSorce.debug.xcconfig */ = {isa = PBXFileReference; includeInIndex = 1; lastKnownFileType = text.xcconfig; name = "Pods-KraudeSorce.debug.xcconfig"; path = "Pods/Target Support Files/Pods-KraudeSorce/Pods-KraudeSorce.debug.xcconfig"; sourceTree = "<group>"; };
		DCABDF4812E120FEBE5558B6 /* libPods-KraudeSorce.a */ = {isa = PBXFileReference; explicitFileType = archive.ar; includeInIndex = 0; path = "libPods-KraudeSorce.a"; sourceTree = BUILT_PRODUCTS_DIR; };
/* End PBXFileReference section */

/* Begin PBXFrameworksBuildPhase section */
		2A2424561C7E1F7B001157FA /* Frameworks */ = {
			isa = PBXFrameworksBuildPhase;
			buildActionMask = 2147483647;
			files = (
				2A2424931C7E1FB0001157FA /* CoreLocation.framework in Frameworks */,
				D34F4F5F15AC857AFCAB701F /* libPods-KraudeSorce.a in Frameworks */,
				CBA3F23CEC5A6B1F1794C136 /* libPods.a in Frameworks */,
			);
			runOnlyForDeploymentPostprocessing = 0;
		};
		2A2424721C7E1F7C001157FA /* Frameworks */ = {
			isa = PBXFrameworksBuildPhase;
			buildActionMask = 2147483647;
			files = (
			);
			runOnlyForDeploymentPostprocessing = 0;
		};
		2A24247D1C7E1F7C001157FA /* Frameworks */ = {
			isa = PBXFrameworksBuildPhase;
			buildActionMask = 2147483647;
			files = (
			);
			runOnlyForDeploymentPostprocessing = 0;
		};
/* End PBXFrameworksBuildPhase section */

/* Begin PBXGroup section */
		2A2424501C7E1F7B001157FA = {
			isa = PBXGroup;
			children = (
				2A8EAF161C7FD7D30023DBE6 /* holmes.gpx */,
				2A2424921C7E1FB0001157FA /* CoreLocation.framework */,
				2A24245B1C7E1F7B001157FA /* KraudeSorce */,
				2A2424781C7E1F7C001157FA /* KraudeSorceTests */,
				2A2424831C7E1F7C001157FA /* KraudeSorceUITests */,
				2A24245A1C7E1F7B001157FA /* Products */,
				E29534B50094C7DCA467D154 /* Pods */,
				EA4AB04E63EBD818F28104DA /* Frameworks */,
			);
			sourceTree = "<group>";
		};
		2A24245A1C7E1F7B001157FA /* Products */ = {
			isa = PBXGroup;
			children = (
				2A2424591C7E1F7B001157FA /* KraudeSorce.app */,
				2A2424751C7E1F7C001157FA /* KraudeSorceTests.xctest */,
				2A2424801C7E1F7C001157FA /* KraudeSorceUITests.xctest */,
			);
			name = Products;
			sourceTree = "<group>";
		};
		2A24245B1C7E1F7B001157FA /* KraudeSorce */ = {
			isa = PBXGroup;
			children = (
				2A9025FD1CC537C9002FB219 /* holmes.jpg */,
				2A24245F1C7E1F7B001157FA /* AppDelegate.h */,
				2A2424601C7E1F7B001157FA /* AppDelegate.m */,
				2A2424621C7E1F7B001157FA /* ViewController.h */,
				2A2424631C7E1F7B001157FA /* ViewController.m */,
				2A2424651C7E1F7B001157FA /* Main.storyboard */,
				2A24246B1C7E1F7C001157FA /* Assets.xcassets */,
				2A24246D1C7E1F7C001157FA /* LaunchScreen.storyboard */,
				2A2424701C7E1F7C001157FA /* Info.plist */,
				2A2424681C7E1F7B001157FA /* KraudeSorce.xcdatamodeld */,
				2A24245C1C7E1F7B001157FA /* Supporting Files */,
				2AC432B91C87504E00B5DA16 /* LoginViewController.h */,
				2AC432BA1C87504E00B5DA16 /* LoginViewController.m */,
				2AC432BC1C8754FE00B5DA16 /* RegisterViewController.h */,
				2AC432BD1C8754FE00B5DA16 /* RegisterViewController.m */,
				2A2D3CFC1C8F641300B79E35 /* UnderlineTextField.h */,
				2A2D3CFD1C8F641300B79E35 /* UnderlineTextField.m */,
			);
			path = KraudeSorce;
			sourceTree = "<group>";
		};
		2A24245C1C7E1F7B001157FA /* Supporting Files */ = {
			isa = PBXGroup;
			children = (
				2A24245D1C7E1F7B001157FA /* main.m */,
			);
			name = "Supporting Files";
			sourceTree = "<group>";
		};
		2A2424781C7E1F7C001157FA /* KraudeSorceTests */ = {
			isa = PBXGroup;
			children = (
				2A2424791C7E1F7C001157FA /* KraudeSorceTests.m */,
				2A24247B1C7E1F7C001157FA /* Info.plist */,
			);
			path = KraudeSorceTests;
			sourceTree = "<group>";
		};
		2A2424831C7E1F7C001157FA /* KraudeSorceUITests */ = {
			isa = PBXGroup;
			children = (
				2A2424841C7E1F7C001157FA /* KraudeSorceUITests.m */,
				2A2424861C7E1F7C001157FA /* Info.plist */,
			);
			path = KraudeSorceUITests;
			sourceTree = "<group>";
		};
		E29534B50094C7DCA467D154 /* Pods */ = {
			isa = PBXGroup;
			children = (
				D7626600ED7A4F3F30D1D1C0 /* Pods-KraudeSorce.debug.xcconfig */,
				84321CD222AC4074CC13804A /* Pods-KraudeSorce.release.xcconfig */,
			);
			name = Pods;
			sourceTree = "<group>";
		};
		EA4AB04E63EBD818F28104DA /* Frameworks */ = {
			isa = PBXGroup;
			children = (
				DCABDF4812E120FEBE5558B6 /* libPods-KraudeSorce.a */,
				3F4D24437A7F6EA9BC649F53 /* libPods.a */,
			);
			name = Frameworks;
			sourceTree = "<group>";
		};
/* End PBXGroup section */

/* Begin PBXNativeTarget section */
		2A2424581C7E1F7B001157FA /* KraudeSorce */ = {
			isa = PBXNativeTarget;
			buildConfigurationList = 2A2424891C7E1F7C001157FA /* Build configuration list for PBXNativeTarget "KraudeSorce" */;
			buildPhases = (
				3860F2C7B2959321EB447145 /* Check Pods Manifest.lock */,
				2A2424551C7E1F7B001157FA /* Sources */,
				2A2424561C7E1F7B001157FA /* Frameworks */,
				2A2424571C7E1F7B001157FA /* Resources */,
				69842E8D03A8A1E89608F1F4 /* Embed Pods Frameworks */,
				184CF35502E945AC3B41C62B /* Copy Pods Resources */,
			);
			buildRules = (
			);
			dependencies = (
			);
			name = KraudeSorce;
			productName = KraudeSorce;
			productReference = 2A2424591C7E1F7B001157FA /* KraudeSorce.app */;
			productType = "com.apple.product-type.application";
		};
		2A2424741C7E1F7C001157FA /* KraudeSorceTests */ = {
			isa = PBXNativeTarget;
			buildConfigurationList = 2A24248C1C7E1F7C001157FA /* Build configuration list for PBXNativeTarget "KraudeSorceTests" */;
			buildPhases = (
				2A2424711C7E1F7C001157FA /* Sources */,
				2A2424721C7E1F7C001157FA /* Frameworks */,
				2A2424731C7E1F7C001157FA /* Resources */,
			);
			buildRules = (
			);
			dependencies = (
				2A2424771C7E1F7C001157FA /* PBXTargetDependency */,
			);
			name = KraudeSorceTests;
			productName = KraudeSorceTests;
			productReference = 2A2424751C7E1F7C001157FA /* KraudeSorceTests.xctest */;
			productType = "com.apple.product-type.bundle.unit-test";
		};
		2A24247F1C7E1F7C001157FA /* KraudeSorceUITests */ = {
			isa = PBXNativeTarget;
			buildConfigurationList = 2A24248F1C7E1F7C001157FA /* Build configuration list for PBXNativeTarget "KraudeSorceUITests" */;
			buildPhases = (
				2A24247C1C7E1F7C001157FA /* Sources */,
				2A24247D1C7E1F7C001157FA /* Frameworks */,
				2A24247E1C7E1F7C001157FA /* Resources */,
			);
			buildRules = (
			);
			dependencies = (
				2A2424821C7E1F7C001157FA /* PBXTargetDependency */,
			);
			name = KraudeSorceUITests;
			productName = KraudeSorceUITests;
			productReference = 2A2424801C7E1F7C001157FA /* KraudeSorceUITests.xctest */;
			productType = "com.apple.product-type.bundle.ui-testing";
		};
/* End PBXNativeTarget section */

/* Begin PBXProject section */
		2A2424511C7E1F7B001157FA /* Project object */ = {
			isa = PBXProject;
			attributes = {
				LastUpgradeCheck = 0720;
				ORGANIZATIONNAME = "Yash Dalal";
				TargetAttributes = {
					2A2424581C7E1F7B001157FA = {
						CreatedOnToolsVersion = 7.2;
					};
					2A2424741C7E1F7C001157FA = {
						CreatedOnToolsVersion = 7.2;
						TestTargetID = 2A2424581C7E1F7B001157FA;
					};
					2A24247F1C7E1F7C001157FA = {
						CreatedOnToolsVersion = 7.2;
						TestTargetID = 2A2424581C7E1F7B001157FA;
					};
				};
			};
			buildConfigurationList = 2A2424541C7E1F7B001157FA /* Build configuration list for PBXProject "KraudeSorce" */;
			compatibilityVersion = "Xcode 3.2";
			developmentRegion = English;
			hasScannedForEncodings = 0;
			knownRegions = (
				en,
				Base,
			);
			mainGroup = 2A2424501C7E1F7B001157FA;
			productRefGroup = 2A24245A1C7E1F7B001157FA /* Products */;
			projectDirPath = "";
			projectRoot = "";
			targets = (
				2A2424581C7E1F7B001157FA /* KraudeSorce */,
				2A2424741C7E1F7C001157FA /* KraudeSorceTests */,
				2A24247F1C7E1F7C001157FA /* KraudeSorceUITests */,
			);
		};
/* End PBXProject section */

/* Begin PBXResourcesBuildPhase section */
		2A2424571C7E1F7B001157FA /* Resources */ = {
			isa = PBXResourcesBuildPhase;
			buildActionMask = 2147483647;
			files = (
				2A24246F1C7E1F7C001157FA /* LaunchScreen.storyboard in Resources */,
				2A24246C1C7E1F7C001157FA /* Assets.xcassets in Resources */,
				2A2424671C7E1F7B001157FA /* Main.storyboard in Resources */,
				2A8EAF171C7FD7D30023DBE6 /* holmes.gpx in Resources */,
				2A9025FE1CC537C9002FB219 /* holmes.jpg in Resources */,
			);
			runOnlyForDeploymentPostprocessing = 0;
		};
		2A2424731C7E1F7C001157FA /* Resources */ = {
			isa = PBXResourcesBuildPhase;
			buildActionMask = 2147483647;
			files = (
			);
			runOnlyForDeploymentPostprocessing = 0;
		};
		2A24247E1C7E1F7C001157FA /* Resources */ = {
			isa = PBXResourcesBuildPhase;
			buildActionMask = 2147483647;
			files = (
			);
			runOnlyForDeploymentPostprocessing = 0;
		};
/* End PBXResourcesBuildPhase section */

/* Begin PBXShellScriptBuildPhase section */
		184CF35502E945AC3B41C62B /* Copy Pods Resources */ = {
			isa = PBXShellScriptBuildPhase;
			buildActionMask = 2147483647;
			files = (
			);
			inputPaths = (
			);
			name = "Copy Pods Resources";
			outputPaths = (
			);
			runOnlyForDeploymentPostprocessing = 0;
			shellPath = /bin/sh;
			shellScript = "\"${SRCROOT}/Pods/Target Support Files/Pods/Pods-resources.sh\"\n";
			showEnvVarsInLog = 0;
		};
		3860F2C7B2959321EB447145 /* Check Pods Manifest.lock */ = {
			isa = PBXShellScriptBuildPhase;
			buildActionMask = 2147483647;
			files = (
			);
			inputPaths = (
			);
			name = "Check Pods Manifest.lock";
			outputPaths = (
			);
			runOnlyForDeploymentPostprocessing = 0;
			shellPath = /bin/sh;
			shellScript = "diff \"${PODS_ROOT}/../Podfile.lock\" \"${PODS_ROOT}/Manifest.lock\" > /dev/null\nif [[ $? != 0 ]] ; then\n    cat << EOM\nerror: The sandbox is not in sync with the Podfile.lock. Run 'pod install' or update your CocoaPods installation.\nEOM\n    exit 1\nfi\n";
			showEnvVarsInLog = 0;
		};
		69842E8D03A8A1E89608F1F4 /* Embed Pods Frameworks */ = {
			isa = PBXShellScriptBuildPhase;
			buildActionMask = 2147483647;
			files = (
			);
			inputPaths = (
			);
			name = "Embed Pods Frameworks";
			outputPaths = (
			);
			runOnlyForDeploymentPostprocessing = 0;
			shellPath = /bin/sh;
			shellScript = "\"${SRCROOT}/Pods/Target Support Files/Pods/Pods-frameworks.sh\"\n";
			showEnvVarsInLog = 0;
		};
/* End PBXShellScriptBuildPhase section */

/* Begin PBXSourcesBuildPhase section */
		2A2424551C7E1F7B001157FA /* Sources */ = {
			isa = PBXSourcesBuildPhase;
			buildActionMask = 2147483647;
			files = (
				2A24246A1C7E1F7B001157FA /* KraudeSorce.xcdatamodeld in Sources */,
				2AC432BE1C8754FE00B5DA16 /* RegisterViewController.m in Sources */,
				2A2424641C7E1F7B001157FA /* ViewController.m in Sources */,
				2A2424611C7E1F7B001157FA /* AppDelegate.m in Sources */,
				2A2D3CFE1C8F641300B79E35 /* UnderlineTextField.m in Sources */,
				2A24245E1C7E1F7B001157FA /* main.m in Sources */,
				2AC432BB1C87504E00B5DA16 /* LoginViewController.m in Sources */,
			);
			runOnlyForDeploymentPostprocessing = 0;
		};
		2A2424711C7E1F7C001157FA /* Sources */ = {
			isa = PBXSourcesBuildPhase;
			buildActionMask = 2147483647;
			files = (
				2A24247A1C7E1F7C001157FA /* KraudeSorceTests.m in Sources */,
			);
			runOnlyForDeploymentPostprocessing = 0;
		};
		2A24247C1C7E1F7C001157FA /* Sources */ = {
			isa = PBXSourcesBuildPhase;
			buildActionMask = 2147483647;
			files = (
				2A2424851C7E1F7C001157FA /* KraudeSorceUITests.m in Sources */,
			);
			runOnlyForDeploymentPostprocessing = 0;
		};
/* End PBXSourcesBuildPhase section */

/* Begin PBXTargetDependency section */
		2A2424771C7E1F7C001157FA /* PBXTargetDependency */ = {
			isa = PBXTargetDependency;
			target = 2A2424581C7E1F7B001157FA /* KraudeSorce */;
			targetProxy = 2A2424761C7E1F7C001157FA /* PBXContainerItemProxy */;
		};
		2A2424821C7E1F7C001157FA /* PBXTargetDependency */ = {
			isa = PBXTargetDependency;
			target = 2A2424581C7E1F7B001157FA /* KraudeSorce */;
			targetProxy = 2A2424811C7E1F7C001157FA /* PBXContainerItemProxy */;
		};
/* End PBXTargetDependency section */

/* Begin PBXVariantGroup section */
		2A2424651C7E1F7B001157FA /* Main.storyboard */ = {
			isa = PBXVariantGroup;
			children = (
				2A2424661C7E1F7B001157FA /* Base */,
			);
			name = Main.storyboard;
			sourceTree = "<group>";
		};
		2A24246D1C7E1F7C001157FA /* LaunchScreen.storyboard */ = {
			isa = PBXVariantGroup;
			children = (
				2A24246E1C7E1F7C001157FA /* Base */,
			);
			name = LaunchScreen.storyboard;
			sourceTree = "<group>";
		};
/* End PBXVariantGroup section */

/* Begin XCBuildConfiguration section */
		2A2424871C7E1F7C001157FA /* Debug */ = {
			isa = XCBuildConfiguration;
			buildSettings = {
				ALWAYS_SEARCH_USER_PATHS = NO;
				CLANG_CXX_LANGUAGE_STANDARD = "gnu++0x";
				CLANG_CXX_LIBRARY = "libc++";
				CLANG_ENABLE_MODULES = YES;
				CLANG_ENABLE_OBJC_ARC = YES;
				CLANG_WARN_BOOL_CONVERSION = YES;
				CLANG_WARN_CONSTANT_CONVERSION = YES;
				CLANG_WARN_DIRECT_OBJC_ISA_USAGE = YES_ERROR;
				CLANG_WARN_EMPTY_BODY = YES;
				CLANG_WARN_ENUM_CONVERSION = YES;
				CLANG_WARN_INT_CONVERSION = YES;
				CLANG_WARN_OBJC_ROOT_CLASS = YES_ERROR;
				CLANG_WARN_UNREACHABLE_CODE = YES;
				CLANG_WARN__DUPLICATE_METHOD_MATCH = YES;
				"CODE_SIGN_IDENTITY[sdk=iphoneos*]" = "iPhone Developer";
				COPY_PHASE_STRIP = NO;
				DEBUG_INFORMATION_FORMAT = dwarf;
				ENABLE_STRICT_OBJC_MSGSEND = YES;
				ENABLE_TESTABILITY = YES;
				GCC_C_LANGUAGE_STANDARD = gnu99;
				GCC_DYNAMIC_NO_PIC = NO;
				GCC_NO_COMMON_BLOCKS = YES;
				GCC_OPTIMIZATION_LEVEL = 0;
				GCC_PREPROCESSOR_DEFINITIONS = (
					"DEBUG=1",
					"$(inherited)",
				);
				GCC_WARN_64_TO_32_BIT_CONVERSION = YES;
				GCC_WARN_ABOUT_RETURN_TYPE = YES_ERROR;
				GCC_WARN_UNDECLARED_SELECTOR = YES;
				GCC_WARN_UNINITIALIZED_AUTOS = YES_AGGRESSIVE;
				GCC_WARN_UNUSED_FUNCTION = YES;
				GCC_WARN_UNUSED_VARIABLE = YES;
				IPHONEOS_DEPLOYMENT_TARGET = 9.2;
				MTL_ENABLE_DEBUG_INFO = YES;
				ONLY_ACTIVE_ARCH = YES;
				SDKROOT = iphoneos;
			};
			name = Debug;
		};
		2A2424881C7E1F7C001157FA /* Release */ = {
			isa = XCBuildConfiguration;
			buildSettings = {
				ALWAYS_SEARCH_USER_PATHS = NO;
				CLANG_CXX_LANGUAGE_STANDARD = "gnu++0x";
				CLANG_CXX_LIBRARY = "libc++";
				CLANG_ENABLE_MODULES = YES;
				CLANG_ENABLE_OBJC_ARC = YES;
				CLANG_WARN_BOOL_CONVERSION = YES;
				CLANG_WARN_CONSTANT_CONVERSION = YES;
				CLANG_WARN_DIRECT_OBJC_ISA_USAGE = YES_ERROR;
				CLANG_WARN_EMPTY_BODY = YES;
				CLANG_WARN_ENUM_CONVERSION = YES;
				CLANG_WARN_INT_CONVERSION = YES;
				CLANG_WARN_OBJC_ROOT_CLASS = YES_ERROR;
				CLANG_WARN_UNREACHABLE_CODE = YES;
				CLANG_WARN__DUPLICATE_METHOD_MATCH = YES;
				"CODE_SIGN_IDENTITY[sdk=iphoneos*]" = "iPhone Developer";
				COPY_PHASE_STRIP = NO;
				DEBUG_INFORMATION_FORMAT = "dwarf-with-dsym";
				ENABLE_NS_ASSERTIONS = NO;
				ENABLE_STRICT_OBJC_MSGSEND = YES;
				GCC_C_LANGUAGE_STANDARD = gnu99;
				GCC_NO_COMMON_BLOCKS = YES;
				GCC_WARN_64_TO_32_BIT_CONVERSION = YES;
				GCC_WARN_ABOUT_RETURN_TYPE = YES_ERROR;
				GCC_WARN_UNDECLARED_SELECTOR = YES;
				GCC_WARN_UNINITIALIZED_AUTOS = YES_AGGRESSIVE;
				GCC_WARN_UNUSED_FUNCTION = YES;
				GCC_WARN_UNUSED_VARIABLE = YES;
				IPHONEOS_DEPLOYMENT_TARGET = 9.2;
				MTL_ENABLE_DEBUG_INFO = NO;
				SDKROOT = iphoneos;
				VALIDATE_PRODUCT = YES;
			};
			name = Release;
		};
		2A24248A1C7E1F7C001157FA /* Debug */ = {
			isa = XCBuildConfiguration;
			baseConfigurationReference = D7626600ED7A4F3F30D1D1C0 /* Pods-KraudeSorce.debug.xcconfig */;
			buildSettings = {
				ASSETCATALOG_COMPILER_APPICON_NAME = AppIcon;
				INFOPLIST_FILE = KraudeSorce/Info.plist;
				LD_RUNPATH_SEARCH_PATHS = "$(inherited) @executable_path/Frameworks";
				PRODUCT_BUNDLE_IDENTIFIER = com.yashdalal.KraudeSorce;
				PRODUCT_NAME = "$(TARGET_NAME)";
			};
			name = Debug;
		};
		2A24248B1C7E1F7C001157FA /* Release */ = {
			isa = XCBuildConfiguration;
			baseConfigurationReference = 84321CD222AC4074CC13804A /* Pods-KraudeSorce.release.xcconfig */;
			buildSettings = {
				ASSETCATALOG_COMPILER_APPICON_NAME = AppIcon;
				INFOPLIST_FILE = KraudeSorce/Info.plist;
				LD_RUNPATH_SEARCH_PATHS = "$(inherited) @executable_path/Frameworks";
				PRODUCT_BUNDLE_IDENTIFIER = com.yashdalal.KraudeSorce;
				PRODUCT_NAME = "$(TARGET_NAME)";
			};
			name = Release;
		};
		2A24248D1C7E1F7C001157FA /* Debug */ = {
			isa = XCBuildConfiguration;
			buildSettings = {
				BUNDLE_LOADER = "$(TEST_HOST)";
				INFOPLIST_FILE = KraudeSorceTests/Info.plist;
				LD_RUNPATH_SEARCH_PATHS = "$(inherited) @executable_path/Frameworks @loader_path/Frameworks";
				PRODUCT_BUNDLE_IDENTIFIER = com.yashdalal.KraudeSorceTests;
				PRODUCT_NAME = "$(TARGET_NAME)";
				TEST_HOST = "$(BUILT_PRODUCTS_DIR)/KraudeSorce.app/KraudeSorce";
			};
			name = Debug;
		};
		2A24248E1C7E1F7C001157FA /* Release */ = {
			isa = XCBuildConfiguration;
			buildSettings = {
				BUNDLE_LOADER = "$(TEST_HOST)";
				INFOPLIST_FILE = KraudeSorceTests/Info.plist;
				LD_RUNPATH_SEARCH_PATHS = "$(inherited) @executable_path/Frameworks @loader_path/Frameworks";
				PRODUCT_BUNDLE_IDENTIFIER = com.yashdalal.KraudeSorceTests;
				PRODUCT_NAME = "$(TARGET_NAME)";
				TEST_HOST = "$(BUILT_PRODUCTS_DIR)/KraudeSorce.app/KraudeSorce";
			};
			name = Release;
		};
		2A2424901C7E1F7C001157FA /* Debug */ = {
			isa = XCBuildConfiguration;
			buildSettings = {
				INFOPLIST_FILE = KraudeSorceUITests/Info.plist;
				LD_RUNPATH_SEARCH_PATHS = "$(inherited) @executable_path/Frameworks @loader_path/Frameworks";
				PRODUCT_BUNDLE_IDENTIFIER = com.yashdalal.KraudeSorceUITests;
				PRODUCT_NAME = "$(TARGET_NAME)";
				TEST_TARGET_NAME = KraudeSorce;
				USES_XCTRUNNER = YES;
			};
			name = Debug;
		};
		2A2424911C7E1F7C001157FA /* Release */ = {
			isa = XCBuildConfiguration;
			buildSettings = {
				INFOPLIST_FILE = KraudeSorceUITests/Info.plist;
				LD_RUNPATH_SEARCH_PATHS = "$(inherited) @executable_path/Frameworks @loader_path/Frameworks";
				PRODUCT_BUNDLE_IDENTIFIER = com.yashdalal.KraudeSorceUITests;
				PRODUCT_NAME = "$(TARGET_NAME)";
				TEST_TARGET_NAME = KraudeSorce;
				USES_XCTRUNNER = YES;
			};
			name = Release;
		};
/* End XCBuildConfiguration section */

/* Begin XCConfigurationList section */
		2A2424541C7E1F7B001157FA /* Build configuration list for PBXProject "KraudeSorce" */ = {
			isa = XCConfigurationList;
			buildConfigurations = (
				2A2424871C7E1F7C001157FA /* Debug */,
				2A2424881C7E1F7C001157FA /* Release */,
			);
			defaultConfigurationIsVisible = 0;
			defaultConfigurationName = Release;
		};
		2A2424891C7E1F7C001157FA /* Build configuration list for PBXNativeTarget "KraudeSorce" */ = {
			isa = XCConfigurationList;
			buildConfigurations = (
				2A24248A1C7E1F7C001157FA /* Debug */,
				2A24248B1C7E1F7C001157FA /* Release */,
			);
			defaultConfigurationIsVisible = 0;
			defaultConfigurationName = Release;
		};
		2A24248C1C7E1F7C001157FA /* Build configuration list for PBXNativeTarget "KraudeSorceTests" */ = {
			isa = XCConfigurationList;
			buildConfigurations = (
				2A24248D1C7E1F7C001157FA /* Debug */,
				2A24248E1C7E1F7C001157FA /* Release */,
			);
			defaultConfigurationIsVisible = 0;
			defaultConfigurationName = Release;
		};
		2A24248F1C7E1F7C001157FA /* Build configuration list for PBXNativeTarget "KraudeSorceUITests" */ = {
			isa = XCConfigurationList;
			buildConfigurations = (
				2A2424901C7E1F7C001157FA /* Debug */,
				2A2424911C7E1F7C001157FA /* Release */,
			);
			defaultConfigurationIsVisible = 0;
			defaultConfigurationName = Release;
		};
/* End XCConfigurationList section */

/* Begin XCVersionGroup section */
		2A2424681C7E1F7B001157FA /* KraudeSorce.xcdatamodeld */ = {
			isa = XCVersionGroup;
			children = (
				2A2424691C7E1F7B001157FA /* KraudeSorce.xcdatamodel */,
			);
			currentVersion = 2A2424691C7E1F7B001157FA /* KraudeSorce.xcdatamodel */;
			path = KraudeSorce.xcdatamodeld;
			sourceTree = "<group>";
			versionGroupType = wrapper.xcdatamodel;
		};
/* End XCVersionGroup section */
	};
	rootObject = 2A2424511C7E1F7B001157FA /* Project object */;
}
